
Microsoft Visual Studio Solution File, Format Version 12.00
# Visual Studio Version 17
VisualStudioVersion = 17.14.36717.8 d17.14
MinimumVisualStudioVersion = 10.0.40219.1
Project("{FAE04EC0-301F-11D3-BF4B-00C04F79EFBC}") = "Store.Model", "Store.Model\Store.Model.csproj", "{C7B67781-B13C-431A-8F99-686A3127D86B}"
EndProject
Project("{FAE04EC0-301F-11D3-BF4B-00C04F79EFBC}") = "StoreModelo.API", "StoreModelo.API\StoreModelo.API.csproj", "{DA678392-4C90-46AD-99DB-075F0AABE371}"
EndProject
Project("{2150E333-8FDC-42A3-9474-1A3956D46DE8}") = "Elementos de la solución", "Elementos de la solución", "{D107F4C8-89CC-BEA8-D3D7-CA6B7733353D}"
	ProjectSection(SolutionItems) = preProject
		Dockerfile = Dockerfile
	EndProjectSection
EndProject
Global
	GlobalSection(SolutionConfigurationPlatforms) = preSolution
		Debug|Any CPU = Debug|Any CPU
		Release|Any CPU = Release|Any CPU
	EndGlobalSection
	GlobalSection(ProjectConfigurationPlatforms) = postSolution
		{C7B67781-B13C-431A-8F99-686A3127D86B}.Debug|Any CPU.ActiveCfg = Debug|Any CPU
		{C7B67781-B13C-431A-8F99-686A3127D86B}.Debug|Any CPU.Build.0 = Debug|Any CPU
		{C7B67781-B13C-431A-8F99-686A3127D86B}.Release|Any CPU.ActiveCfg = Release|Any CPU
		{C7B67781-B13C-431A-8F99-686A3127D86B}.Release|Any CPU.Build.0 = Release|Any CPU
		{DA678392-4C90-46AD-99DB-075F0AABE371}.Debug|Any CPU.ActiveCfg = Debug|Any CPU
		{DA678392-4C90-46AD-99DB-075F0AABE371}.Debug|Any CPU.Build.0 = Debug|Any CPU
		{DA678392-4C90-46AD-99DB-075F0AABE371}.Release|Any CPU.ActiveCfg = Release|Any CPU
		{DA678392-4C90-46AD-99DB-075F0AABE371}.Release|Any CPU.Build.0 = Release|Any CPU
	EndGlobalSection
	GlobalSection(SolutionProperties) = preSolution
		HideSolutionNode = FALSE
	EndGlobalSection
	GlobalSection(ExtensibilityGlobals) = postSolution
		SolutionGuid = {9389AAA8-4914-4585-AC8D-3156F0F7B33F}
	EndGlobalSection
EndGlobal
